github.com/andybalholm/brotli v1.0.6 h1:Yf9fFpf49Zrxb9NlQaluyE92/+X7UVHlhMNJN2sxfOI=
github.com/davecgh/go-spew v1.1.2-0.20180830191138-d8f796af33cc h1:U9qPSI2PIWSS1VwoXQT9A3Wy9MM3WgvqSxFWenqJduM=
github.com/fasthttp/websocket v1.5.4 h1:Bq8HIcoiffh3pmwSKB8FqaNooluStLQQxnzQspMatgI=
github.com/gofiber/fiber/v2 v2.48.0 h1:cRVMCb9aUJDsyHxGFLwz/sGzDggdailZZyptU9F9cU0=
github.com/gofiber/template v1.8.2 h1:PIv9s/7Uq6m+Fm2MDNd20pAFFKt5wWs7ZBd8iV9pWwk=
github.com/gofiber/template/html/v2 v2.0.5 h1:BKLJ6Qr940NjntbGmpO3zVa4nFNGDCi/IfUiDB9OC20=
github.com/gofiber/utils v1.1.0 h1:vdEBpn7AzIUJRhe+CiTOJdUcTg4Q9RK+pEa0KPbLdrM=
github.com/gofiber/websocket/v2 v2.2.1 h1:C9cjxvloojayOp9AovmpQrk8VqvVnT8Oao3+IUygH7w=
github.com/google/uuid v1.6.0 h1:NIvaJDMOsjHA8n1jAhLSgzrAzy1Hgr+hNrb57e+94F0=
github.com/klauspost/compress v1.17.7 h1:ehO88t2UGzQK66LMdE8tibEd1ErmzZjNEqWkjLAKQQg=
github.com/kr/pretty v0.3.1 h1:flRD4NNwYAUpkphVc1HcthR4KEIFJ65n8Mw5qdRn3LE=
github.com/kr/text v0.2.0 h1:5Nx0Ya0ZqY2ygV366QzturHI13Jq95ApcVaJBhpS+AY=
github.com/mattn/go-colorable v0.1.13 h1:fFA4WZxdEF4tXPZVKMLwD8oUnCTTo08duU7wxecdEvA=
github.com/mattn/go-isatty v0.0.20 h1:xfD0iDuEKnDkl03q4limB+vH+GxLEtL/jb4xVJSWWEY=
github.com/mattn/go-runewidth v0.0.15 h1:UNAjwbU9l54TA3KzvqLGxwWjHmMgBUVhBiTjelZgg3U=
github.com/pion/datachannel v1.5.5 h1:10ef4kwdjije+M9d7Xm9im2Y3O6A6ccQb0zcqZcJew8=
github.com/pion/dtls/v2 v2.2.7 h1:cSUBsETxepsCSFSxC3mc/aDo14qQLMSL+O6IjG28yV8=
github.com/pion/ice/v2 v2.3.9 h1:7yZpHf3PhPxJGT4JkMj1Y8Rl5cQ6fB709iz99aeMd/U=
github.com/pion/interceptor v0.1.17 h1:prJtgwFh/gB8zMqGZoOgJPHivOwVAp61i2aG61Du/1w=
github.com/pion/logging v0.2.2 h1:M9+AIj/+pxNsDfAT64+MAVgJO0rsyLnoJKCqf//DoeY=
github.com/pion/mdns v0.0.7 h1:P0UB4Sr6xDWEox0kTVxF0LmQihtCbSAdW0H2nEgkA3U=
github.com/pion/randutil v0.1.0 h1:CFG1UdESneORglEsnimhUjf33Rwjubwj6xfiOXBa3mA=
github.com/pion/rtcp v1.2.10 h1:nkr3uj+8Sp97zyItdN60tE/S6vk4al5CPRR6Gejsdjc=
github.com/pion/rtp v1.8.1 h1:26OxTc6lKg/qLSGir5agLyj0QKaOv8OP5wps2SFnVNQ=
github.com/pion/sctp v1.8.7 h1:JnABvFakZueGAn4KU/4PSKg+GWbF6QWbKTWZOSGJjXw=
github.com/pion/sdp/v3 v3.0.6 h1:WuDLhtuFUUVpTfus9ILC4HRyHsW6TdugjEX/QY9OiUw=
github.com/pion/srtp/v2 v2.0.16 h1:impT2XBrHKsDpXr1x5hHIRydwssrSWKpmw3KvSfXbso=
github.com/pion/stun v0.6.1 h1:8lp6YejULeHBF8NmV8e2787BogQhduZugh5PdhDyyN4=
github.com/pion/transport v0.14.1 h1:XSM6olwW+o8J4SCmOBb/BpwZypkHeyM0PGFCxNQBr40=
github.com/pion/transport/v2 v2.2.1 h1:7qYnCBlpgSJNYMbLCKuSY9KbQdBFoETvPNETv0y4N7c=
github.com/pion/turn/v2 v2.1.3 h1:pYxTVWG2gpC97opdRc5IGsQ1lJ9O/IlNhkzj7MMrGAA=
github.com/pion/webrtc/v3 v3.2.14 h1:GlqnBnnLlcYYA/LOwqLLU1plZYwx0Y/e/57bZ2tzQcU=
github.com/pmezard/go-difflib v1.0.1-0.20181226105442-5d4384ee4fb2 h1:Jamvg5psRIccs7FGNTlIRMkT8wgtp5eCXdBlqhYGL6U=
github.com/rivo/uniseg v0.4.4 h1:8TfxU8dW6PdqD27gjM8MVNuicgxIjxpm4K7x4jp8sis=
github.com/rogpeppe/go-internal v1.12.0 h1:exVL4IDcn6na9z1rAb56Vxr+CgyK3nn3O+epU5NdKM8=
github.com/savsgio/gotils v0.0.0-20230208104028-c358bd845dee h1:8Iv5m6xEo1NR1AvpV+7XmhI4r39LGNzwUL4YpMuL5vk=
github.com/stretchr/testify v1.9.0 h1:HtqpIVDClZ4nwg75+f6Lvsy/wHu+3BoSGCbBAcpTsTg=
github.com/valyala/bytebufferpool v1.0.0 h1:GqA5TC/0021Y/b9FG4Oi9Mr3q7XYx6KllzawFIhcdPw=
github.com/valyala/fasthttp v1.48.0 h1:oJWvHb9BIZToTQS3MuQ2R3bJZiNSa2KiNdeI8A+79Tc=
github.com/valyala/tcplisten v1.0.0 h1:rBHj/Xf+E1tRGZyWIWwJDiRY0zc1Js+CV5DqwacVSA8=
golang.org/x/crypto v0.23.0 h1:dIJU/v2J8Mdglj/8rJ6UUOM3Zc9zLZxVZwwxMooUSAI=
golang.org/x/net v0.22.0 h1:9sGLhx7iRIHEiX0oAJ3MRZMUCElJgy7Br1nO+AMN3Tc=
golang.org/x/sys v0.20.0 h1:Od9JTbYCk261bKm4M/mw7AklTlFYIa0bIp9BgSm1S8Y=
gopkg.in/check.v1 v1.0.0-20201130134442-10cb98267c6c h1:Hei/4ADfdWqJk1ZMxUNpqntNwaWcugrBjAiHlqqRiVk=
gopkg.in/yaml.v3 v3.0.1 h1:fxVm/GzAzEWqLHuvctI91KS9hhNmmWOoWu0XTYJS7CA=
